
Microsoft Visual Studio Solution File, Format Version 12.00
# Visual Studio 2012
Project("{FAE04EC0-301F-11D3-BF4B-00C04F79EFBC}") = "ServiceBusRelayServer", "ServiceBusRelayServer\ServiceBusRelayServer.csproj", "{597F8B8E-5082-4171-8E39-1F9E6D2FF3C2}"
EndProject
Project("{FAE04EC0-301F-11D3-BF4B-00C04F79EFBC}") = "ServiceBusRelayClient", "ServiceBusRelayClient\ServiceBusRelayClient.csproj", "{9972E1E3-CD82-475F-879C-26694C0D2CF4}"
EndProject
Project("{FAE04EC0-301F-11D3-BF4B-00C04F79EFBC}") = "ServiceBusRelayCommon", "ServiceBusRelayCommon\ServiceBusRelayCommon.csproj", "{A595D024-80B3-4D5B-9C35-0FC9F56F365F}"
EndProject
Global
	GlobalSection(SolutionConfigurationPlatforms) = preSolution
		Debug|Any CPU = Debug|Any CPU
		Release|Any CPU = Release|Any CPU
	EndGlobalSection
	GlobalSection(ProjectConfigurationPlatforms) = postSolution
		{597F8B8E-5082-4171-8E39-1F9E6D2FF3C2}.Debug|Any CPU.ActiveCfg = Debug|Any CPU
		{597F8B8E-5082-4171-8E39-1F9E6D2FF3C2}.Debug|Any CPU.Build.0 = Debug|Any CPU
		{597F8B8E-5082-4171-8E39-1F9E6D2FF3C2}.Release|Any CPU.ActiveCfg = Release|Any CPU
		{597F8B8E-5082-4171-8E39-1F9E6D2FF3C2}.Release|Any CPU.Build.0 = Release|Any CPU
		{9972E1E3-CD82-475F-879C-26694C0D2CF4}.Debug|Any CPU.ActiveCfg = Debug|Any CPU
		{9972E1E3-CD82-475F-879C-26694C0D2CF4}.Debug|Any CPU.Build.0 = Debug|Any CPU
		{9972E1E3-CD82-475F-879C-26694C0D2CF4}.Release|Any CPU.ActiveCfg = Release|Any CPU
		{9972E1E3-CD82-475F-879C-26694C0D2CF4}.Release|Any CPU.Build.0 = Release|Any CPU
		{A595D024-80B3-4D5B-9C35-0FC9F56F365F}.Debug|Any CPU.ActiveCfg = Debug|Any CPU
		{A595D024-80B3-4D5B-9C35-0FC9F56F365F}.Debug|Any CPU.Build.0 = Debug|Any CPU
		{A595D024-80B3-4D5B-9C35-0FC9F56F365F}.Release|Any CPU.ActiveCfg = Release|Any CPU
		{A595D024-80B3-4D5B-9C35-0FC9F56F365F}.Release|Any CPU.Build.0 = Release|Any CPU
	EndGlobalSection
	GlobalSection(SolutionProperties) = preSolution
		HideSolutionNode = FALSE
	EndGlobalSection
EndGlobal
